// !$*UTF8*$!
{
	archiveVersion = 1;
	classes = {
	};
	objectVersion = 46;
	objects = {

/* Begin PBXBuildFile section */
		499CEB181A90057C00EC800A /* AppDelegate.swift in Sources */ = {isa = PBXBuildFile; fileRef = 499CEB171A90057C00EC800A /* AppDelegate.swift */; };
		499CEB1B1A90057C00EC800A /* Claire.xcdatamodeld in Sources */ = {isa = PBXBuildFile; fileRef = 499CEB191A90057C00EC800A /* Claire.xcdatamodeld */; };
		499CEB1D1A90057C00EC800A /* ViewController.swift in Sources */ = {isa = PBXBuildFile; fileRef = 499CEB1C1A90057C00EC800A /* ViewController.swift */; };
		499CEB201A90057C00EC800A /* Main.storyboard in Resources */ = {isa = PBXBuildFile; fileRef = 499CEB1E1A90057C00EC800A /* Main.storyboard */; };
		499CEB221A90057C00EC800A /* Images.xcassets in Resources */ = {isa = PBXBuildFile; fileRef = 499CEB211A90057C00EC800A /* Images.xcassets */; };
		499CEB251A90057C00EC800A /* LaunchScreen.xib in Resources */ = {isa = PBXBuildFile; fileRef = 499CEB231A90057C00EC800A /* LaunchScreen.xib */; };
		499CEB311A90057C00EC800A /* ClaireTests.swift in Sources */ = {isa = PBXBuildFile; fileRef = 499CEB301A90057C00EC800A /* ClaireTests.swift */; };
		49DAF9F61AD0BC9B001EBF0C /* metro-north.jpg in Resources */ = {isa = PBXBuildFile; fileRef = 49DAF9F51AD0BC9B001EBF0C /* metro-north.jpg */; };
		49DAF9FD1AD0C45C001EBF0C /* ClarifaiApi.swift in Sources */ = {isa = PBXBuildFile; fileRef = 49DAF9FA1AD0C45C001EBF0C /* ClarifaiApi.swift */; };
		49DAF9FE1AD0C45C001EBF0C /* JSONHelper.swift in Sources */ = {isa = PBXBuildFile; fileRef = 49DAF9FB1AD0C45C001EBF0C /* JSONHelper.swift */; };
		49DAF9FF1AD0C45C001EBF0C /* RecognitionResult.swift in Sources */ = {isa = PBXBuildFile; fileRef = 49DAF9FC1AD0C45C001EBF0C /* RecognitionResult.swift */; };
/* End PBXBuildFile section */

/* Begin PBXContainerItemProxy section */
		499CEB2B1A90057C00EC800A /* PBXContainerItemProxy */ = {
			isa = PBXContainerItemProxy;
			containerPortal = 499CEB0A1A90057C00EC800A /* Project object */;
			proxyType = 1;
			remoteGlobalIDString = 499CEB111A90057C00EC800A;
			remoteInfo = Claire;
		};
/* End PBXContainerItemProxy section */

/* Begin PBXFileReference section */
		499CEB121A90057C00EC800A /* Claire.app */ = {isa = PBXFileReference; explicitFileType = wrapper.application; includeInIndex = 0; path = Claire.app; sourceTree = BUILT_PRODUCTS_DIR; };
		499CEB161A90057C00EC800A /* Info.plist */ = {isa = PBXFileReference; lastKnownFileType = text.plist.xml; path = Info.plist; sourceTree = "<group>"; };
		499CEB171A90057C00EC800A /* AppDelegate.swift */ = {isa = PBXFileReference; lastKnownFileType = sourcecode.swift; path = AppDelegate.swift; sourceTree = "<group>"; };
		499CEB1A1A90057C00EC800A /* Claire.xcdatamodel */ = {isa = PBXFileReference; lastKnownFileType = wrapper.xcdatamodel; path = Claire.xcdatamodel; sourceTree = "<group>"; };
		499CEB1C1A90057C00EC800A /* ViewController.swift */ = {isa = PBXFileReference; lastKnownFileType = sourcecode.swift; path = ViewController.swift; sourceTree = "<group>"; };
		499CEB1F1A90057C00EC800A /* Base */ = {isa = PBXFileReference; lastKnownFileType = file.storyboard; name = Base; path = Base.lproj/Main.storyboard; sourceTree = "<group>"; };
		499CEB211A90057C00EC800A /* Images.xcassets */ = {isa = PBXFileReference; lastKnownFileType = folder.assetcatalog; path = Images.xcassets; sourceTree = "<group>"; };
		499CEB241A90057C00EC800A /* Base */ = {isa = PBXFileReference; lastKnownFileType = file.xib; name = Base; path = Base.lproj/LaunchScreen.xib; sourceTree = "<group>"; };
		499CEB2A1A90057C00EC800A /* ClaireTests.xctest */ = {isa = PBXFileReference; explicitFileType = wrapper.cfbundle; includeInIndex = 0; path = ClaireTests.xctest; sourceTree = BUILT_PRODUCTS_DIR; };
		499CEB2F1A90057C00EC800A /* Info.plist */ = {isa = PBXFileReference; lastKnownFileType = text.plist.xml; path = Info.plist; sourceTree = "<group>"; };
		499CEB301A90057C00EC800A /* ClaireTests.swift */ = {isa = PBXFileReference; lastKnownFileType = sourcecode.swift; path = ClaireTests.swift; sourceTree = "<group>"; };
		49DAF9F51AD0BC9B001EBF0C /* metro-north.jpg */ = {isa = PBXFileReference; lastKnownFileType = image.jpeg; path = "metro-north.jpg"; sourceTree = "<group>"; };
		49DAF9FA1AD0C45C001EBF0C /* ClarifaiApi.swift */ = {isa = PBXFileReference; fileEncoding = 4; lastKnownFileType = sourcecode.swift; path = ClarifaiApi.swift; sourceTree = "<group>"; };
		49DAF9FB1AD0C45C001EBF0C /* JSONHelper.swift */ = {isa = PBXFileReference; fileEncoding = 4; lastKnownFileType = sourcecode.swift; path = JSONHelper.swift; sourceTree = "<group>"; };
		49DAF9FC1AD0C45C001EBF0C /* RecognitionResult.swift */ = {isa = PBXFileReference; fileEncoding = 4; lastKnownFileType = sourcecode.swift; path = RecognitionResult.swift; sourceTree = "<group>"; };
/* End PBXFileReference section */

/* Begin PBXFrameworksBuildPhase section */
		499CEB0F1A90057C00EC800A /* Frameworks */ = {
			isa = PBXFrameworksBuildPhase;
			buildActionMask = 2147483647;
			files = (
			);
			runOnlyForDeploymentPostprocessing = 0;
		};
		499CEB271A90057C00EC800A /* Frameworks */ = {
			isa = PBXFrameworksBuildPhase;
			buildActionMask = 2147483647;
			files = (
			);
			runOnlyForDeploymentPostprocessing = 0;
		};
/* End PBXFrameworksBuildPhase section */

/* Begin PBXGroup section */
		499CEB091A90057C00EC800A = {
			isa = PBXGroup;
			children = (
				499CEB141A90057C00EC800A /* Claire */,
				499CEB2D1A90057C00EC800A /* ClaireTests */,
				499CEB131A90057C00EC800A /* Products */,
			);
			sourceTree = "<group>";
		};
		499CEB131A90057C00EC800A /* Products */ = {
			isa = PBXGroup;
			children = (
				499CEB121A90057C00EC800A /* Claire.app */,
				499CEB2A1A90057C00EC800A /* ClaireTests.xctest */,
			);
			name = Products;
			sourceTree = "<group>";
		};
		499CEB141A90057C00EC800A /* Claire */ = {
			isa = PBXGroup;
			children = (
				49DAF9F91AD0C42C001EBF0C /* Client */,
				49DAF9F51AD0BC9B001EBF0C /* metro-north.jpg */,
				499CEB171A90057C00EC800A /* AppDelegate.swift */,
				499CEB1C1A90057C00EC800A /* ViewController.swift */,
				499CEB1E1A90057C00EC800A /* Main.storyboard */,
				499CEB211A90057C00EC800A /* Images.xcassets */,
				499CEB231A90057C00EC800A /* LaunchScreen.xib */,
				499CEB191A90057C00EC800A /* Claire.xcdatamodeld */,
				499CEB151A90057C00EC800A /* Supporting Files */,
			);
			path = Claire;
			sourceTree = "<group>";
		};
		499CEB151A90057C00EC800A /* Supporting Files */ = {
			isa = PBXGroup;
			children = (
				499CEB161A90057C00EC800A /* Info.plist */,
			);
			name = "Supporting Files";
			sourceTree = "<group>";
		};
		499CEB2D1A90057C00EC800A /* ClaireTests */ = {
			isa = PBXGroup;
			children = (
				499CEB301A90057C00EC800A /* ClaireTests.swift */,
				499CEB2E1A90057C00EC800A /* Supporting Files */,
			);
			path = ClaireTests;
			sourceTree = "<group>";
		};
		499CEB2E1A90057C00EC800A /* Supporting Files */ = {
			isa = PBXGroup;
			children = (
				499CEB2F1A90057C00EC800A /* Info.plist */,
			);
			name = "Supporting Files";
			sourceTree = "<group>";
		};
		49DAF9F91AD0C42C001EBF0C /* Client */ = {
			isa = PBXGroup;
			children = (
				49DAF9FA1AD0C45C001EBF0C /* ClarifaiApi.swift */,
				49DAF9FB1AD0C45C001EBF0C /* JSONHelper.swift */,
				49DAF9FC1AD0C45C001EBF0C /* RecognitionResult.swift */,
			);
			path = Client;
			sourceTree = "<group>";
		};
/* End PBXGroup section */

/* Begin PBXNativeTarget section */
		499CEB111A90057C00EC800A /* Claire */ = {
			isa = PBXNativeTarget;
			buildConfigurationList = 499CEB341A90057C00EC800A /* Build configuration list for PBXNativeTarget "Claire" */;
			buildPhases = (
				499CEB0E1A90057C00EC800A /* Sources */,
				499CEB0F1A90057C00EC800A /* Frameworks */,
				499CEB101A90057C00EC800A /* Resources */,
			);
			buildRules = (
			);
			dependencies = (
			);
			name = Claire;
			productName = Claire;
			productReference = 499CEB121A90057C00EC800A /* Claire.app */;
			productType = "com.apple.product-type.application";
		};
		499CEB291A90057C00EC800A /* ClaireTests */ = {
			isa = PBXNativeTarget;
			buildConfigurationList = 499CEB371A90057C00EC800A /* Build configuration list for PBXNativeTarget "ClaireTests" */;
			buildPhases = (
				499CEB261A90057C00EC800A /* Sources */,
				499CEB271A90057C00EC800A /* Frameworks */,
				499CEB281A90057C00EC800A /* Resources */,
			);
			buildRules = (
			);
			dependencies = (
				499CEB2C1A90057C00EC800A /* PBXTargetDependency */,
			);
			name = ClaireTests;
			productName = ClaireTests;
			productReference = 499CEB2A1A90057C00EC800A /* ClaireTests.xctest */;
			productType = "com.apple.product-type.bundle.unit-test";
		};
/* End PBXNativeTarget section */

/* Begin PBXProject section */
		499CEB0A1A90057C00EC800A /* Project object */ = {
			isa = PBXProject;
			attributes = {
				LastUpgradeCheck = 0630;
				ORGANIZATIONNAME = "Yağızhan Güler";
				TargetAttributes = {
					499CEB111A90057C00EC800A = {
						CreatedOnToolsVersion = 6.3;
					};
					499CEB291A90057C00EC800A = {
						CreatedOnToolsVersion = 6.3;
						TestTargetID = 499CEB111A90057C00EC800A;
					};
				};
			};
			buildConfigurationList = 499CEB0D1A90057C00EC800A /* Build configuration list for PBXProject "Claire" */;
			compatibilityVersion = "Xcode 3.2";
			developmentRegion = English;
			hasScannedForEncodings = 0;
			knownRegions = (
				en,
				Base,
			);
			mainGroup = 499CEB091A90057C00EC800A;
			productRefGroup = 499CEB131A90057C00EC800A /* Products */;
			projectDirPath = "";
			projectRoot = "";
			targets = (
				499CEB111A90057C00EC800A /* Claire */,
				499CEB291A90057C00EC800A /* ClaireTests */,
			);
		};
/* End PBXProject section */

/* Begin PBXResourcesBuildPhase section */
		499CEB101A90057C00EC800A /* Resources */ = {
			isa = PBXResourcesBuildPhase;
			buildActionMask = 2147483647;
			files = (
				499CEB201A90057C00EC800A /* Main.storyboard in Resources */,
				49DAF9F61AD0BC9B001EBF0C /* metro-north.jpg in Resources */,
				499CEB251A90057C00EC800A /* LaunchScreen.xib in Resources */,
				499CEB221A90057C00EC800A /* Images.xcassets in Resources */,
			);
			runOnlyForDeploymentPostprocessing = 0;
		};
		499CEB281A90057C00EC800A /* Resources */ = {
			isa = PBXResourcesBuildPhase;
			buildActionMask = 2147483647;
			files = (
			);
			runOnlyForDeploymentPostprocessing = 0;
		};
/* End PBXResourcesBuildPhase section */

/* Begin PBXSourcesBuildPhase section */
		499CEB0E1A90057C00EC800A /* Sources */ = {
			isa = PBXSourcesBuildPhase;
			buildActionMask = 2147483647;
			files = (
				49DAF9FD1AD0C45C001EBF0C /* ClarifaiApi.swift in Sources */,
				499CEB1D1A90057C00EC800A /* ViewController.swift in Sources */,
				49DAF9FF1AD0C45C001EBF0C /* RecognitionResult.swift in Sources */,
				499CEB181A90057C00EC800A /* AppDelegate.swift in Sources */,
				49DAF9FE1AD0C45C001EBF0C /* JSONHelper.swift in Sources */,
				499CEB1B1A90057C00EC800A /* Claire.xcdatamodeld in Sources */,
			);
			runOnlyForDeploymentPostprocessing = 0;
		};
		499CEB261A90057C00EC800A /* Sources */ = {
			isa = PBXSourcesBuildPhase;
			buildActionMask = 2147483647;
			files = (
				499CEB311A90057C00EC800A /* ClaireTests.swift in Sources */,
			);
			runOnlyForDeploymentPostprocessing = 0;
		};
/* End PBXSourcesBuildPhase section */

/* Begin PBXTargetDependency section */
		499CEB2C1A90057C00EC800A /* PBXTargetDependency */ = {
			isa = PBXTargetDependency;
			target = 499CEB111A90057C00EC800A /* Claire */;
			targetProxy = 499CEB2B1A90057C00EC800A /* PBXContainerItemProxy */;
		};
/* End PBXTargetDependency section */

/* Begin PBXVariantGroup section */
		499CEB1E1A90057C00EC800A /* Main.storyboard */ = {
			isa = PBXVariantGroup;
			children = (
				499CEB1F1A90057C00EC800A /* Base */,
			);
			name = Main.storyboard;
			sourceTree = "<group>";
		};
		499CEB231A90057C00EC800A /* LaunchScreen.xib */ = {
			isa = PBXVariantGroup;
			children = (
				499CEB241A90057C00EC800A /* Base */,
			);
			name = LaunchScreen.xib;
			sourceTree = "<group>";
		};
/* End PBXVariantGroup section */

/* Begin XCBuildConfiguration section */
		499CEB321A90057C00EC800A /* Debug */ = {
			isa = XCBuildConfiguration;
			buildSettings = {
				ALWAYS_SEARCH_USER_PATHS = NO;
				CLANG_CXX_LANGUAGE_STANDARD = "gnu++0x";
				CLANG_CXX_LIBRARY = "libc++";
				CLANG_ENABLE_MODULES = YES;
				CLANG_ENABLE_OBJC_ARC = YES;
				CLANG_WARN_BOOL_CONVERSION = YES;
				CLANG_WARN_CONSTANT_CONVERSION = YES;
				CLANG_WARN_DIRECT_OBJC_ISA_USAGE = YES_ERROR;
				CLANG_WARN_EMPTY_BODY = YES;
				CLANG_WARN_ENUM_CONVERSION = YES;
				CLANG_WARN_INT_CONVERSION = YES;
				CLANG_WARN_OBJC_ROOT_CLASS = YES_ERROR;
				CLANG_WARN_UNREACHABLE_CODE = YES;
				CLANG_WARN__DUPLICATE_METHOD_MATCH = YES;
				"CODE_SIGN_IDENTITY[sdk=iphoneos*]" = "iPhone Developer";
				COPY_PHASE_STRIP = NO;
				DEBUG_INFORMATION_FORMAT = dwarf;
				ENABLE_STRICT_OBJC_MSGSEND = YES;
				GCC_C_LANGUAGE_STANDARD = gnu99;
				GCC_DYNAMIC_NO_PIC = NO;
				GCC_OPTIMIZATION_LEVEL = 0;
				GCC_PREPROCESSOR_DEFINITIONS = (
					"DEBUG=1",
					"$(inherited)",
				);
				GCC_SYMBOLS_PRIVATE_EXTERN = NO;
				GCC_WARN_64_TO_32_BIT_CONVERSION = YES;
				GCC_WARN_ABOUT_RETURN_TYPE = YES_ERROR;
				GCC_WARN_UNDECLARED_SELECTOR = YES;
				GCC_WARN_UNINITIALIZED_AUTOS = YES_AGGRESSIVE;
				GCC_WARN_UNUSED_FUNCTION = YES;
				GCC_WARN_UNUSED_VARIABLE = YES;
				IPHONEOS_DEPLOYMENT_TARGET = 8.3;
				MTL_ENABLE_DEBUG_INFO = YES;
				ONLY_ACTIVE_ARCH = YES;
				SDKROOT = iphoneos;
				SWIFT_OPTIMIZATION_LEVEL = "-Onone";
				TARGETED_DEVICE_FAMILY = "1,2";
			};
			name = Debug;
		};
		499CEB331A90057C00EC800A /* Release */ = {
			isa = XCBuildConfiguration;
			buildSettings = {
				ALWAYS_SEARCH_USER_PATHS = NO;
				CLANG_CXX_LANGUAGE_STANDARD = "gnu++0x";
				CLANG_CXX_LIBRARY = "libc++";
				CLANG_ENABLE_MODULES = YES;
				CLANG_ENABLE_OBJC_ARC = YES;
				CLANG_WARN_BOOL_CONVERSION = YES;
				CLANG_WARN_CONSTANT_CONVERSION = YES;
				CLANG_WARN_DIRECT_OBJC_ISA_USAGE = YES_ERROR;
				CLANG_WARN_EMPTY_BODY = YES;
				CLANG_WARN_ENUM_CONVERSION = YES;
				CLANG_WARN_INT_CONVERSION = YES;
				CLANG_WARN_OBJC_ROOT_CLASS = YES_ERROR;
				CLANG_WARN_UNREACHABLE_CODE = YES;
				CLANG_WARN__DUPLICATE_METHOD_MATCH = YES;
				"CODE_SIGN_IDENTITY[sdk=iphoneos*]" = "iPhone Developer";
				COPY_PHASE_STRIP = NO;
				DEBUG_INFORMATION_FORMAT = "dwarf-with-dsym";
				ENABLE_NS_ASSERTIONS = NO;
				ENABLE_STRICT_OBJC_MSGSEND = YES;
				GCC_C_LANGUAGE_STANDARD = gnu99;
				GCC_WARN_64_TO_32_BIT_CONVERSION = YES;
				GCC_WARN_ABOUT_RETURN_TYPE = YES_ERROR;
				GCC_WARN_UNDECLARED_SELECTOR = YES;
				GCC_WARN_UNINITIALIZED_AUTOS = YES_AGGRESSIVE;
				GCC_WARN_UNUSED_FUNCTION = YES;
				GCC_WARN_UNUSED_VARIABLE = YES;
				IPHONEOS_DEPLOYMENT_TARGET = 8.3;
				MTL_ENABLE_DEBUG_INFO = NO;
				SDKROOT = iphoneos;
				TARGETED_DEVICE_FAMILY = "1,2";
				VALIDATE_PRODUCT = YES;
			};
			name = Release;
		};
		499CEB351A90057C00EC800A /* Debug */ = {
			isa = XCBuildConfiguration;
			buildSettings = {
				ASSETCATALOG_COMPILER_APPICON_NAME = AppIcon;
				INFOPLIST_FILE = Claire/Info.plist;
				LD_RUNPATH_SEARCH_PATHS = "$(inherited) @executable_path/Frameworks";
				PRODUCT_NAME = "$(TARGET_NAME)";
			};
			name = Debug;
		};
		499CEB361A90057C00EC800A /* Release */ = {
			isa = XCBuildConfiguration;
			buildSettings = {
				ASSETCATALOG_COMPILER_APPICON_NAME = AppIcon;
				INFOPLIST_FILE = Claire/Info.plist;
				LD_RUNPATH_SEARCH_PATHS = "$(inherited) @executable_path/Frameworks";
				PRODUCT_NAME = "$(TARGET_NAME)";
			};
			name = Release;
		};
		499CEB381A90057C00EC800A /* Debug */ = {
			isa = XCBuildConfiguration;
			buildSettings = {
				BUNDLE_LOADER = "$(TEST_HOST)";
				FRAMEWORK_SEARCH_PATHS = (
					"$(SDKROOT)/Developer/Library/Frameworks",
					"$(inherited)",
				);
				GCC_PREPROCESSOR_DEFINITIONS = (
					"DEBUG=1",
					"$(inherited)",
				);
				INFOPLIST_FILE = ClaireTests/Info.plist;
				LD_RUNPATH_SEARCH_PATHS = "$(inherited) @executable_path/Frameworks @loader_path/Frameworks";
				PRODUCT_NAME = "$(TARGET_NAME)";
				TEST_HOST = "$(BUILT_PRODUCTS_DIR)/Claire.app/Claire";
			};
			name = Debug;
		};
		499CEB391A90057C00EC800A /* Release */ = {
			isa = XCBuildConfiguration;
			buildSettings = {
				BUNDLE_LOADER = "$(TEST_HOST)";
				FRAMEWORK_SEARCH_PATHS = (
					"$(SDKROOT)/Developer/Library/Frameworks",
					"$(inherited)",
				);
				INFOPLIST_FILE = ClaireTests/Info.plist;
				LD_RUNPATH_SEARCH_PATHS = "$(inherited) @executable_path/Frameworks @loader_path/Frameworks";
				PRODUCT_NAME = "$(TARGET_NAME)";
				TEST_HOST = "$(BUILT_PRODUCTS_DIR)/Claire.app/Claire";
			};
			name = Release;
		};
/* End XCBuildConfiguration section */

/* Begin XCConfigurationList section */
		499CEB0D1A90057C00EC800A /* Build configuration list for PBXProject "Claire" */ = {
			isa = XCConfigurationList;
			buildConfigurations = (
				499CEB321A90057C00EC800A /* Debug */,
				499CEB331A90057C00EC800A /* Release */,
			);
			defaultConfigurationIsVisible = 0;
			defaultConfigurationName = Release;
		};
		499CEB341A90057C00EC800A /* Build configuration list for PBXNativeTarget "Claire" */ = {
			isa = XCConfigurationList;
			buildConfigurations = (
				499CEB351A90057C00EC800A /* Debug */,
				499CEB361A90057C00EC800A /* Release */,
			);
			defaultConfigurationIsVisible = 0;
			defaultConfigurationName = Release;
		};
		499CEB371A90057C00EC800A /* Build configuration list for PBXNativeTarget "ClaireTests" */ = {
			isa = XCConfigurationList;
			buildConfigurations = (
				499CEB381A90057C00EC800A /* Debug */,
				499CEB391A90057C00EC800A /* Release */,
			);
			defaultConfigurationIsVisible = 0;
			defaultConfigurationName = Release;
		};
/* End XCConfigurationList section */

/* Begin XCVersionGroup section */
		499CEB191A90057C00EC800A /* Claire.xcdatamodeld */ = {
			isa = XCVersionGroup;
			children = (
				499CEB1A1A90057C00EC800A /* Claire.xcdatamodel */,
			);
			currentVersion = 499CEB1A1A90057C00EC800A /* Claire.xcdatamodel */;
			path = Claire.xcdatamodeld;
			sourceTree = "<group>";
			versionGroupType = wrapper.xcdatamodel;
		};
/* End XCVersionGroup section */
	};
	rootObject = 499CEB0A1A90057C00EC800A /* Project object */;
}
